
Microsoft Visual Studio Solution File, Format Version 12.00
# Visual Studio Version 17
VisualStudioVersion = 17.2.32630.192
MinimumVisualStudioVersion = 10.0.40219.1
Project("{FAE04EC0-301F-11D3-BF4B-00C04F79EFBC}") = "SGA.Atividade", "SGA.Atividade\SGA.Atividade.csproj", "{8B01435B-B953-49CC-AAE7-EDFC34448553}"
EndProject
Project("{FAE04EC0-301F-11D3-BF4B-00C04F79EFBC}") = "SGA.Disciplina", "SGA.Disciplina\SGA.Disciplina.csproj", "{230371EA-1007-4251-AE65-1360B251CB95}"
EndProject
Project("{FAE04EC0-301F-11D3-BF4B-00C04F79EFBC}") = "SGA.Common", "SGA.Common\SGA.Common.csproj", "{66640877-823E-4493-9145-1D286143E825}"
EndProject
Global
	GlobalSection(SolutionConfigurationPlatforms) = preSolution
		Debug|Any CPU = Debug|Any CPU
		Release|Any CPU = Release|Any CPU
	EndGlobalSection
	GlobalSection(ProjectConfigurationPlatforms) = postSolution
		{8B01435B-B953-49CC-AAE7-EDFC34448553}.Debug|Any CPU.ActiveCfg = Debug|Any CPU
		{8B01435B-B953-49CC-AAE7-EDFC34448553}.Debug|Any CPU.Build.0 = Debug|Any CPU
		{8B01435B-B953-49CC-AAE7-EDFC34448553}.Release|Any CPU.ActiveCfg = Release|Any CPU
		{8B01435B-B953-49CC-AAE7-EDFC34448553}.Release|Any CPU.Build.0 = Release|Any CPU
		{230371EA-1007-4251-AE65-1360B251CB95}.Debug|Any CPU.ActiveCfg = Debug|Any CPU
		{230371EA-1007-4251-AE65-1360B251CB95}.Debug|Any CPU.Build.0 = Debug|Any CPU
		{230371EA-1007-4251-AE65-1360B251CB95}.Release|Any CPU.ActiveCfg = Release|Any CPU
		{230371EA-1007-4251-AE65-1360B251CB95}.Release|Any CPU.Build.0 = Release|Any CPU
		{66640877-823E-4493-9145-1D286143E825}.Debug|Any CPU.ActiveCfg = Debug|Any CPU
		{66640877-823E-4493-9145-1D286143E825}.Debug|Any CPU.Build.0 = Debug|Any CPU
		{66640877-823E-4493-9145-1D286143E825}.Release|Any CPU.ActiveCfg = Release|Any CPU
		{66640877-823E-4493-9145-1D286143E825}.Release|Any CPU.Build.0 = Release|Any CPU
	EndGlobalSection
	GlobalSection(SolutionProperties) = preSolution
		HideSolutionNode = FALSE
	EndGlobalSection
	GlobalSection(ExtensibilityGlobals) = postSolution
		SolutionGuid = {B4CB0D9D-7499-4BBF-BB8E-1481541FA8A8}
	EndGlobalSection
EndGlobal
